
Microsoft Visual Studio Solution File, Format Version 12.00
# Visual Studio Version 16
VisualStudioVersion = 16.0.31613.86
MinimumVisualStudioVersion = 10.0.40219.1
Project("{9A19103F-16F7-4668-BE54-9A1E7A4F7556}") = "ddserver", "ddserver\ddserver.csproj", "{BD3F4CB0-E212-4CC1-A4FC-EEDDBD4FA0D9}"
EndProject
Project("{9A19103F-16F7-4668-BE54-9A1E7A4F7556}") = "chatApp", "chatApp\chatApp.csproj", "{371C8B2A-2143-4F12-BE9D-669934D969EA}"
EndProject
Global
	GlobalSection(SolutionConfigurationPlatforms) = preSolution
		Debug|Any CPU = Debug|Any CPU
		Release|Any CPU = Release|Any CPU
	EndGlobalSection
	GlobalSection(ProjectConfigurationPlatforms) = postSolution
		{BD3F4CB0-E212-4CC1-A4FC-EEDDBD4FA0D9}.Debug|Any CPU.ActiveCfg = Debug|Any CPU
		{BD3F4CB0-E212-4CC1-A4FC-EEDDBD4FA0D9}.Debug|Any CPU.Build.0 = Debug|Any CPU
		{BD3F4CB0-E212-4CC1-A4FC-EEDDBD4FA0D9}.Release|Any CPU.ActiveCfg = Release|Any CPU
		{BD3F4CB0-E212-4CC1-A4FC-EEDDBD4FA0D9}.Release|Any CPU.Build.0 = Release|Any CPU
		{371C8B2A-2143-4F12-BE9D-669934D969EA}.Debug|Any CPU.ActiveCfg = Debug|Any CPU
		{371C8B2A-2143-4F12-BE9D-669934D969EA}.Debug|Any CPU.Build.0 = Debug|Any CPU
		{371C8B2A-2143-4F12-BE9D-669934D969EA}.Release|Any CPU.ActiveCfg = Release|Any CPU
		{371C8B2A-2143-4F12-BE9D-669934D969EA}.Release|Any CPU.Build.0 = Release|Any CPU
	EndGlobalSection
	GlobalSection(SolutionProperties) = preSolution
		HideSolutionNode = FALSE
	EndGlobalSection
	GlobalSection(ExtensibilityGlobals) = postSolution
		SolutionGuid = {064EEE1F-B850-4212-8C6C-5B2DF00FFED2}
	EndGlobalSection
EndGlobal
